{"version":4,"terraform_version":"1.8.7","serial":64,"lineage":"06f946dd-9d65-df6f-ca20-1872b79a6d05","outputs":{},"resources":[{"mode":"managed","type":"azurerm_dns_a_record","name":"website","provider":"provider[\"registry.opentofu.org/hashicorp/azurerm\"]","instances":[{"schema_version":1,"attributes":{"fqdn":"otanix.fi.","id":"/subscriptions/1ced546c-3a27-4e85-8878-f48cd8e23130/resourceGroups/dns-rg/providers/Microsoft.Network/dnsZones/otanix.fi/A/@","name":"@","records":["185.199.108.153","185.199.109.153","185.199.110.153","185.199.111.153"],"resource_group_name":"dns-rg","tags":{},"target_resource_id":"","timeouts":null,"ttl":300,"zone_name":"otanix.fi"},"sensitive_attributes":[],"private":"eyJlMmJmYjczMC1lY2FhLTExZTYtOGY4OC0zNDM2M2JjN2M0YzAiOnsiY3JlYXRlIjoxODAwMDAwMDAwMDAwLCJkZWxldGUiOjE4MDAwMDAwMDAwMDAsInJlYWQiOjMwMDAwMDAwMDAwMCwidXBkYXRlIjoxODAwMDAwMDAwMDAwfSwic2NoZW1hX3ZlcnNpb24iOiIxIn0=","dependencies":["azurerm_dns_zone.dns_zone","azurerm_resource_group.dns_rg"]}]},{"mode":"managed","type":"azurerm_dns_aaaa_record","name":"website","provider":"provider[\"registry.opentofu.org/hashicorp/azurerm\"]","instances":[{"schema_version":1,"attributes":{"fqdn":"otanix.fi.","id":"/subscriptions/1ced546c-3a27-4e85-8878-f48cd8e23130/resourceGroups/dns-rg/providers/Microsoft.Network/dnsZones/otanix.fi/AAAA/@","name":"@","records":["2606:50c0:8000::153","2606:50c0:8001::153","2606:50c0:8002::153","2606:50c0:8003::153"],"resource_group_name":"dns-rg","tags":{},"target_resource_id":"","timeouts":null,"ttl":300,"zone_name":"otanix.fi"},"sensitive_attributes":[],"private":"eyJlMmJmYjczMC1lY2FhLTExZTYtOGY4OC0zNDM2M2JjN2M0YzAiOnsiY3JlYXRlIjoxODAwMDAwMDAwMDAwLCJkZWxldGUiOjE4MDAwMDAwMDAwMDAsInJlYWQiOjMwMDAwMDAwMDAwMCwidXBkYXRlIjoxODAwMDAwMDAwMDAwfSwic2NoZW1hX3ZlcnNpb24iOiIxIn0=","dependencies":["azurerm_dns_zone.dns_zone","azurerm_resource_group.dns_rg"]}]},{"mode":"managed","type":"azurerm_dns_cname_record","name":"www_cname","provider":"provider[\"registry.opentofu.org/hashicorp/azurerm\"]","instances":[{"schema_version":1,"attributes":{"fqdn":"www.otanix.fi.","id":"/subscriptions/1ced546c-3a27-4e85-8878-f48cd8e23130/resourceGroups/dns-rg/providers/Microsoft.Network/dnsZones/otanix.fi/CNAME/www","name":"www","record":"otanix.fi","resource_group_name":"dns-rg","tags":{},"target_resource_id":"","timeouts":null,"ttl":300,"zone_name":"otanix.fi"},"sensitive_attributes":[],"private":"eyJlMmJmYjczMC1lY2FhLTExZTYtOGY4OC0zNDM2M2JjN2M0YzAiOnsiY3JlYXRlIjoxODAwMDAwMDAwMDAwLCJkZWxldGUiOjE4MDAwMDAwMDAwMDAsInJlYWQiOjMwMDAwMDAwMDAwMCwidXBkYXRlIjoxODAwMDAwMDAwMDAwfSwic2NoZW1hX3ZlcnNpb24iOiIxIn0=","dependencies":["azurerm_dns_zone.dns_zone","azurerm_resource_group.dns_rg"]}]},{"mode":"managed","type":"azurerm_dns_mx_record","name":"mail","provider":"provider[\"registry.opentofu.org/hashicorp/azurerm\"]","instances":[{"schema_version":1,"attributes":{"fqdn":"otanix.fi.","id":"/subscriptions/1ced546c-3a27-4e85-8878-f48cd8e23130/resourceGroups/dns-rg/providers/Microsoft.Network/dnsZones/otanix.fi/MX/@","name":"@","record":[{"exchange":"smtp.google.com.","preference":"1"}],"resource_group_name":"dns-rg","tags":{},"timeouts":null,"ttl":3600,"zone_name":"otanix.fi"},"sensitive_attributes":[],"private":"eyJlMmJmYjczMC1lY2FhLTExZTYtOGY4OC0zNDM2M2JjN2M0YzAiOnsiY3JlYXRlIjoxODAwMDAwMDAwMDAwLCJkZWxldGUiOjE4MDAwMDAwMDAwMDAsInJlYWQiOjMwMDAwMDAwMDAwMCwidXBkYXRlIjoxODAwMDAwMDAwMDAwfSwic2NoZW1hX3ZlcnNpb24iOiIxIn0=","dependencies":["azurerm_dns_zone.dns_zone","azurerm_resource_group.dns_rg"]}]},{"mode":"managed","type":"azurerm_dns_txt_record","name":"github_challenge","provider":"provider[\"registry.opentofu.org/hashicorp/azurerm\"]","instances":[{"schema_version":1,"attributes":{"fqdn":"_github-pages-challenge-otanix-ry.otanix.fi.","id":"/subscriptions/1ced546c-3a27-4e85-8878-f48cd8e23130/resourceGroups/dns-rg/providers/Microsoft.Network/dnsZones/otanix.fi/TXT/_github-pages-challenge-otanix-ry","name":"_github-pages-challenge-otanix-ry","record":[{"value":"3b6eb1c302b720d942fb26752c5a61"}],"resource_group_name":"dns-rg","tags":{},"timeouts":null,"ttl":300,"zone_name":"otanix.fi"},"sensitive_attributes":[],"private":"eyJlMmJmYjczMC1lY2FhLTExZTYtOGY4OC0zNDM2M2JjN2M0YzAiOnsiY3JlYXRlIjoxODAwMDAwMDAwMDAwLCJkZWxldGUiOjE4MDAwMDAwMDAwMDAsInJlYWQiOjMwMDAwMDAwMDAwMCwidXBkYXRlIjoxODAwMDAwMDAwMDAwfSwic2NoZW1hX3ZlcnNpb24iOiIxIn0=","dependencies":["azurerm_dns_zone.dns_zone","azurerm_resource_group.dns_rg"]}]},{"mode":"managed","type":"azurerm_dns_txt_record","name":"github_organization_challenge","provider":"provider[\"registry.opentofu.org/hashicorp/azurerm\"]","instances":[{"schema_version":1,"attributes":{"fqdn":"_gh-otanix-ry-o.otanix.fi.","id":"/subscriptions/1ced546c-3a27-4e85-8878-f48cd8e23130/resourceGroups/dns-rg/providers/Microsoft.Network/dnsZones/otanix.fi/TXT/_gh-OtaNix-ry-o","name":"_gh-OtaNix-ry-o","record":[{"value":"cd376abbac"}],"resource_group_name":"dns-rg","tags":{},"timeouts":null,"ttl":300,"zone_name":"otanix.fi"},"sensitive_attributes":[],"private":"eyJlMmJmYjczMC1lY2FhLTExZTYtOGY4OC0zNDM2M2JjN2M0YzAiOnsiY3JlYXRlIjoxODAwMDAwMDAwMDAwLCJkZWxldGUiOjE4MDAwMDAwMDAwMDAsInJlYWQiOjMwMDAwMDAwMDAwMCwidXBkYXRlIjoxODAwMDAwMDAwMDAwfSwic2NoZW1hX3ZlcnNpb24iOiIxIn0=","dependencies":["azurerm_dns_zone.dns_zone","azurerm_resource_group.dns_rg"]}]},{"mode":"managed","type":"azurerm_dns_zone","name":"dns_zone","provider":"provider[\"registry.opentofu.org/hashicorp/azurerm\"]","instances":[{"schema_version":2,"attributes":{"id":"/subscriptions/1ced546c-3a27-4e85-8878-f48cd8e23130/resourceGroups/dns-rg/providers/Microsoft.Network/dnsZones/otanix.fi","max_number_of_record_sets":10000,"name":"otanix.fi","name_servers":["ns1-08.azure-dns.com.","ns2-08.azure-dns.net.","ns3-08.azure-dns.org.","ns4-08.azure-dns.info."],"number_of_record_sets":8,"resource_group_name":"dns-rg","soa_record":[{"email":"azuredns-hostmaster.microsoft.com","expire_time":2419200,"fqdn":"otanix.fi.","host_name":"ns1-08.azure-dns.com.","minimum_ttl":300,"refresh_time":3600,"retry_time":300,"serial_number":1,"tags":{},"ttl":3600}],"tags":{},"timeouts":null},"sensitive_attributes":[],"private":"eyJlMmJmYjczMC1lY2FhLTExZTYtOGY4OC0zNDM2M2JjN2M0YzAiOnsiY3JlYXRlIjoxODAwMDAwMDAwMDAwLCJkZWxldGUiOjE4MDAwMDAwMDAwMDAsInJlYWQiOjMwMDAwMDAwMDAwMCwidXBkYXRlIjoxODAwMDAwMDAwMDAwfSwic2NoZW1hX3ZlcnNpb24iOiIyIn0=","dependencies":["azurerm_resource_group.dns_rg"]}]},{"mode":"managed","type":"azurerm_image","name":"nixos-image","provider":"provider[\"registry.opentofu.org/hashicorp/azurerm\"]","instances":[{"schema_version":0,"attributes":{"data_disk":[],"hyper_v_generation":"V2","id":"/subscriptions/1ced546c-3a27-4e85-8878-f48cd8e23130/resourceGroups/vm-img-rg/providers/Microsoft.Compute/images/nixos-image","location":"northeurope","name":"nixos-image","os_disk":[{"blob_uri":"","caching":"None","disk_encryption_set_id":"","managed_disk_id":"/subscriptions/1ced546c-3a27-4e85-8878-f48cd8e23130/resourceGroups/vm-img-rg/providers/Microsoft.Compute/disks/nixos-image","os_state":"Generalized","os_type":"Linux","size_gb":3,"storage_type":"Premium_LRS"}],"resource_group_name":"vm-img-rg","source_virtual_machine_id":null,"tags":{},"timeouts":null,"zone_resilient":false},"sensitive_attributes":[],"private":"eyJlMmJmYjczMC1lY2FhLTExZTYtOGY4OC0zNDM2M2JjN2M0YzAiOnsiY3JlYXRlIjo1NDAwMDAwMDAwMDAwLCJkZWxldGUiOjU0MDAwMDAwMDAwMDAsInJlYWQiOjMwMDAwMDAwMDAwMCwidXBkYXRlIjo1NDAwMDAwMDAwMDAwfSwic2NoZW1hX3ZlcnNpb24iOiIwIn0=","dependencies":["azurerm_managed_disk.nixos-image"],"create_before_destroy":true}]},{"mode":"managed","type":"azurerm_linux_virtual_machine","name":"vm","provider":"provider[\"registry.opentofu.org/hashicorp/azurerm\"]","instances":[{"schema_version":0,"attributes":{"additional_capabilities":[],"admin_password":null,"admin_ssh_key":[{"public_key":"ssh-rsa AAAAB3NzaC1yc2EAAAADAQABAAACAQCiDxF/PZcYfX6N3CQOdQdW0PTPN7tgmwL6RPFDBlJURsxiTlmlRygjMVjrnxbIN9KGIP2p3hUKxensm0ftbl3fvdBG3nUnreGZAUQ7prSrli3tv+WITPFdONtDqcrMlYXbBy51/kFLUQMV7wBYurM/4bW/BOXtNZdk8/dLyCqAr1ynZmXFFHEB3APtlxaLlsyHEER5Nj7WDlxpFUxOqzasPg8MMGKQeN+d2TbUq1s0YDVwmk4F+Zqfj0H9AAYYt4zkiKbCkzTrJXk9snBPAyUot8jkAjZW5nu7quVoiHvWY3335iaa4o2JWDkm6/QEXYzKIbi865jOr3A5DRFytNFQJ7nmXfSNWAJmblSlatlszQLwmTLP5wkV+3zbRHv7WuvWivR76Xy0uyK331UvqrRbNha+EbVoWP5DyFnichBH7B/IgHkLHQJIuYiQBZ2ZwTuVpEoxyCUyl9acDtmUZvuomTAEjLRQElnhRo8iyDf92dl19Q9dG/1RWqLXUEDVBcLrlk89aEnIk7DuwvmVWzWM+On9S8ojH04TgRJM5ZkbQLAIqW5AkLqY6CP5Gzknsh7F4fl5Mq0FZlCOtFzxR+YgIn4IGndonm8/iqDQjJNOWVysFdNRPisPSR5AO5TiuxZSOcCuRkS56cZTHKjdqZS8CxiCfs2ZPlzMnzKJSNDXxQ==","username":"otanix"}],"admin_username":"otanix","allow_extension_operations":true,"availability_set_id":"","boot_diagnostics":[],"bypass_platform_safety_checks_on_user_schedule_enabled":false,"capacity_reservation_group_id":"","computer_name":"otanix-vm","custom_data":null,"dedicated_host_group_id":"","dedicated_host_id":"","disable_password_authentication":true,"disk_controller_type":"SCSI","edge_zone":"","encryption_at_host_enabled":false,"eviction_policy":"","extensions_time_budget":"PT1H30M","gallery_application":[],"id":"/subscriptions/1ced546c-3a27-4e85-8878-f48cd8e23130/resourceGroups/vm-rg/providers/Microsoft.Compute/virtualMachines/otanix-vm","identity":[],"license_type":"","location":"northeurope","max_bid_price":-1,"name":"otanix-vm","network_interface_ids":["/subscriptions/1ced546c-3a27-4e85-8878-f48cd8e23130/resourceGroups/vm-rg/providers/Microsoft.Network/networkInterfaces/vm-nic"],"os_disk":[{"caching":"ReadOnly","diff_disk_settings":[],"disk_encryption_set_id":"","disk_size_gb":3,"name":"otanix-vm_disk1_6898fc24d8ec4e5c8bd1746bf944d65c","secure_vm_disk_encryption_set_id":"","security_encryption_type":"","storage_account_type":"Premium_LRS","write_accelerator_enabled":false}],"os_image_notification":[],"patch_assessment_mode":"ImageDefault","patch_mode":"ImageDefault","plan":[],"platform_fault_domain":-1,"priority":"Regular","private_ip_address":"10.0.2.4","private_ip_addresses":["10.0.2.4"],"provision_vm_agent":true,"proximity_placement_group_id":"","public_ip_address":"52.169.6.94","public_ip_addresses":["52.169.6.94"],"reboot_setting":"","resource_group_name":"vm-rg","secret":[],"secure_boot_enabled":false,"size":"Standard_DC4as_cc_v5","source_image_id":"/subscriptions/1ced546c-3a27-4e85-8878-f48cd8e23130/resourceGroups/vm-img-rg/providers/Microsoft.Compute/images/nixos-image","source_image_reference":[],"tags":{},"termination_notification":[],"timeouts":null,"user_data":"","virtual_machine_id":"704541e7-64b4-448e-b259-641c797f079a","virtual_machine_scale_set_id":"","vm_agent_platform_updates_enabled":false,"vtpm_enabled":false,"zone":""},"sensitive_attributes":[[{"type":"get_attr","value":"admin_password"}],[{"type":"get_attr","value":"custom_data"}]],"private":"eyJlMmJmYjczMC1lY2FhLTExZTYtOGY4OC0zNDM2M2JjN2M0YzAiOnsiY3JlYXRlIjoyNzAwMDAwMDAwMDAwLCJkZWxldGUiOjI3MDAwMDAwMDAwMDAsInJlYWQiOjMwMDAwMDAwMDAwMCwidXBkYXRlIjoyNzAwMDAwMDAwMDAwfX0=","dependencies":["azurerm_image.nixos-image","azurerm_managed_disk.nixos-image","azurerm_network_interface.vm","azurerm_public_ip.pip","azurerm_resource_group.vm_rg","azurerm_subnet.vm","azurerm_virtual_network.vm"],"create_before_destroy":true}]},{"mode":"managed","type":"azurerm_managed_disk","name":"nixos-image","provider":"provider[\"registry.opentofu.org/hashicorp/azurerm\"]","instances":[{"schema_version":1,"attributes":{"create_option":"Upload","disk_access_id":"","disk_encryption_set_id":"","disk_iops_read_only":0,"disk_iops_read_write":120,"disk_mbps_read_only":0,"disk_mbps_read_write":25,"disk_size_gb":3,"edge_zone":"","encryption_settings":[],"gallery_image_reference_id":"","hyper_v_generation":"V2","id":"/subscriptions/1ced546c-3a27-4e85-8878-f48cd8e23130/resourceGroups/vm-img-rg/providers/Microsoft.Compute/disks/nixos-image","image_reference_id":"","location":"northeurope","logical_sector_size":null,"max_shares":0,"name":"nixos-image","network_access_policy":null,"on_demand_bursting_enabled":false,"optimized_frequent_attach_enabled":false,"os_type":"","performance_plus_enabled":false,"public_network_access_enabled":true,"resource_group_name":"vm-img-rg","secure_vm_disk_encryption_set_id":"","security_type":"","source_resource_id":"","source_uri":"","storage_account_id":"","storage_account_type":"Premium_LRS","tags":{},"tier":"P1","timeouts":null,"trusted_launch_enabled":false,"upload_size_bytes":3486515712,"zone":""},"sensitive_attributes":[],"private":"eyJlMmJmYjczMC1lY2FhLTExZTYtOGY4OC0zNDM2M2JjN2M0YzAiOnsiY3JlYXRlIjoxODAwMDAwMDAwMDAwLCJkZWxldGUiOjE4MDAwMDAwMDAwMDAsInJlYWQiOjMwMDAwMDAwMDAwMCwidXBkYXRlIjoxODAwMDAwMDAwMDAwfSwic2NoZW1hX3ZlcnNpb24iOiIxIn0=","create_before_destroy":true}]},{"mode":"managed","type":"azurerm_network_interface","name":"vm","provider":"provider[\"registry.opentofu.org/hashicorp/azurerm\"]","instances":[{"schema_version":0,"attributes":{"accelerated_networking_enabled":false,"applied_dns_servers":[],"auxiliary_mode":"","auxiliary_sku":"","dns_servers":[],"edge_zone":"","id":"/subscriptions/1ced546c-3a27-4e85-8878-f48cd8e23130/resourceGroups/vm-rg/providers/Microsoft.Network/networkInterfaces/vm-nic","internal_dns_name_label":"","internal_domain_name_suffix":"23j2b4memo4evacijcszjffp1b.fx.internal.cloudapp.net","ip_configuration":[{"gateway_load_balancer_frontend_ip_configuration_id":"","name":"primary","primary":true,"private_ip_address":"10.0.2.4","private_ip_address_allocation":"Dynamic","private_ip_address_version":"IPv4","public_ip_address_id":"/subscriptions/1ced546c-3a27-4e85-8878-f48cd8e23130/resourceGroups/vm-rg/providers/Microsoft.Network/publicIPAddresses/vm-pip","subnet_id":"/subscriptions/1ced546c-3a27-4e85-8878-f48cd8e23130/resourceGroups/vm-rg/providers/Microsoft.Network/virtualNetworks/vm-network/subnets/vm"}],"ip_forwarding_enabled":false,"location":"northeurope","mac_address":"7C-1E-52-21-21-11","name":"vm-nic","private_ip_address":"10.0.2.4","private_ip_addresses":["10.0.2.4"],"resource_group_name":"vm-rg","tags":{},"timeouts":null,"virtual_machine_id":"/subscriptions/1ced546c-3a27-4e85-8878-f48cd8e23130/resourceGroups/vm-rg/providers/Microsoft.Compute/virtualMachines/otanix-vm"},"sensitive_attributes":[],"private":"eyJlMmJmYjczMC1lY2FhLTExZTYtOGY4OC0zNDM2M2JjN2M0YzAiOnsiY3JlYXRlIjoxODAwMDAwMDAwMDAwLCJkZWxldGUiOjE4MDAwMDAwMDAwMDAsInJlYWQiOjMwMDAwMDAwMDAwMCwidXBkYXRlIjoxODAwMDAwMDAwMDAwfX0=","dependencies":["azurerm_public_ip.pip","azurerm_resource_group.vm_rg","azurerm_subnet.vm","azurerm_virtual_network.vm"],"create_before_destroy":true}]},{"mode":"managed","type":"azurerm_network_interface_security_group_association","name":"main","provider":"provider[\"registry.opentofu.org/hashicorp/azurerm\"]","instances":[{"schema_version":0,"attributes":{"id":"/subscriptions/1ced546c-3a27-4e85-8878-f48cd8e23130/resourceGroups/vm-rg/providers/Microsoft.Network/networkInterfaces/vm-nic|/subscriptions/1ced546c-3a27-4e85-8878-f48cd8e23130/resourceGroups/vm-rg/providers/Microsoft.Network/networkSecurityGroups/vm","network_interface_id":"/subscriptions/1ced546c-3a27-4e85-8878-f48cd8e23130/resourceGroups/vm-rg/providers/Microsoft.Network/networkInterfaces/vm-nic","network_security_group_id":"/subscriptions/1ced546c-3a27-4e85-8878-f48cd8e23130/resourceGroups/vm-rg/providers/Microsoft.Network/networkSecurityGroups/vm","timeouts":null},"sensitive_attributes":[],"private":"eyJlMmJmYjczMC1lY2FhLTExZTYtOGY4OC0zNDM2M2JjN2M0YzAiOnsiY3JlYXRlIjoxODAwMDAwMDAwMDAwLCJkZWxldGUiOjE4MDAwMDAwMDAwMDAsInJlYWQiOjMwMDAwMDAwMDAwMH19","dependencies":["azurerm_network_interface.vm","azurerm_network_security_group.vm","azurerm_public_ip.pip","azurerm_resource_group.vm_rg","azurerm_subnet.vm","azurerm_virtual_network.vm"]}]},{"mode":"managed","type":"azurerm_network_security_group","name":"vm","provider":"provider[\"registry.opentofu.org/hashicorp/azurerm\"]","instances":[{"schema_version":0,"attributes":{"id":"/subscriptions/1ced546c-3a27-4e85-8878-f48cd8e23130/resourceGroups/vm-rg/providers/Microsoft.Network/networkSecurityGroups/vm","location":"northeurope","name":"vm","resource_group_name":"vm-rg","security_rule":[{"access":"Allow","description":"","destination_address_prefix":"*","destination_address_prefixes":[],"destination_application_security_group_ids":[],"destination_port_range":"22","destination_port_ranges":[],"direction":"Inbound","name":"sshin","priority":102,"protocol":"Tcp","source_address_prefix":"*","source_address_prefixes":[],"source_application_security_group_ids":[],"source_port_range":"*","source_port_ranges":[]},{"access":"Allow","description":"","destination_address_prefix":"*","destination_address_prefixes":[],"destination_application_security_group_ids":[],"destination_port_range":"22","destination_port_ranges":[],"direction":"Outbound","name":"sshout","priority":100,"protocol":"Tcp","source_address_prefix":"*","source_address_prefixes":[],"source_application_security_group_ids":[],"source_port_range":"*","source_port_ranges":[]},{"access":"Allow","description":"","destination_address_prefix":"*","destination_address_prefixes":[],"destination_application_security_group_ids":[],"destination_port_range":"443","destination_port_ranges":[],"direction":"Inbound","name":"https","priority":101,"protocol":"Tcp","source_address_prefix":"*","source_address_prefixes":[],"source_application_security_group_ids":[],"source_port_range":"*","source_port_ranges":[]},{"access":"Allow","description":"","destination_address_prefix":"*","destination_address_prefixes":[],"destination_application_security_group_ids":[],"destination_port_range":"80","destination_port_ranges":[],"direction":"Inbound","name":"http","priority":100,"protocol":"Tcp","source_address_prefix":"*","source_address_prefixes":[],"source_application_security_group_ids":[],"source_port_range":"*","source_port_ranges":[]}],"tags":{},"timeouts":null},"sensitive_attributes":[],"private":"eyJlMmJmYjczMC1lY2FhLTExZTYtOGY4OC0zNDM2M2JjN2M0YzAiOnsiY3JlYXRlIjoxODAwMDAwMDAwMDAwLCJkZWxldGUiOjE4MDAwMDAwMDAwMDAsInJlYWQiOjMwMDAwMDAwMDAwMCwidXBkYXRlIjoxODAwMDAwMDAwMDAwfX0=","dependencies":["azurerm_resource_group.vm_rg"]}]},{"mode":"managed","type":"azurerm_network_security_rule","name":"http","provider":"provider[\"registry.opentofu.org/hashicorp/azurerm\"]","instances":[{"schema_version":0,"attributes":{"access":"Allow","description":"","destination_address_prefix":"*","destination_address_prefixes":[],"destination_application_security_group_ids":[],"destination_port_range":"80","destination_port_ranges":[],"direction":"Inbound","id":"/subscriptions/1ced546c-3a27-4e85-8878-f48cd8e23130/resourceGroups/vm-rg/providers/Microsoft.Network/networkSecurityGroups/vm/securityRules/http","name":"http","network_security_group_name":"vm","priority":100,"protocol":"Tcp","resource_group_name":"vm-rg","source_address_prefix":"*","source_address_prefixes":[],"source_application_security_group_ids":[],"source_port_range":"*","source_port_ranges":[],"timeouts":null},"sensitive_attributes":[],"private":"eyJlMmJmYjczMC1lY2FhLTExZTYtOGY4OC0zNDM2M2JjN2M0YzAiOnsiY3JlYXRlIjoxODAwMDAwMDAwMDAwLCJkZWxldGUiOjE4MDAwMDAwMDAwMDAsInJlYWQiOjMwMDAwMDAwMDAwMCwidXBkYXRlIjoxODAwMDAwMDAwMDAwfX0=","dependencies":["azurerm_network_security_group.vm","azurerm_resource_group.vm_rg"]}]},{"mode":"managed","type":"azurerm_network_security_rule","name":"https","provider":"provider[\"registry.opentofu.org/hashicorp/azurerm\"]","instances":[{"schema_version":0,"attributes":{"access":"Allow","description":"","destination_address_prefix":"*","destination_address_prefixes":[],"destination_application_security_group_ids":[],"destination_port_range":"443","destination_port_ranges":[],"direction":"Inbound","id":"/subscriptions/1ced546c-3a27-4e85-8878-f48cd8e23130/resourceGroups/vm-rg/providers/Microsoft.Network/networkSecurityGroups/vm/securityRules/https","name":"https","network_security_group_name":"vm","priority":101,"protocol":"Tcp","resource_group_name":"vm-rg","source_address_prefix":"*","source_address_prefixes":[],"source_application_security_group_ids":[],"source_port_range":"*","source_port_ranges":[],"timeouts":null},"sensitive_attributes":[],"private":"eyJlMmJmYjczMC1lY2FhLTExZTYtOGY4OC0zNDM2M2JjN2M0YzAiOnsiY3JlYXRlIjoxODAwMDAwMDAwMDAwLCJkZWxldGUiOjE4MDAwMDAwMDAwMDAsInJlYWQiOjMwMDAwMDAwMDAwMCwidXBkYXRlIjoxODAwMDAwMDAwMDAwfX0=","dependencies":["azurerm_network_security_group.vm","azurerm_resource_group.vm_rg"]}]},{"mode":"managed","type":"azurerm_network_security_rule","name":"ssh_inbound","provider":"provider[\"registry.opentofu.org/hashicorp/azurerm\"]","instances":[{"schema_version":0,"attributes":{"access":"Allow","description":"","destination_address_prefix":"*","destination_address_prefixes":[],"destination_application_security_group_ids":[],"destination_port_range":"22","destination_port_ranges":[],"direction":"Inbound","id":"/subscriptions/1ced546c-3a27-4e85-8878-f48cd8e23130/resourceGroups/vm-rg/providers/Microsoft.Network/networkSecurityGroups/vm/securityRules/sshin","name":"sshin","network_security_group_name":"vm","priority":102,"protocol":"Tcp","resource_group_name":"vm-rg","source_address_prefix":"*","source_address_prefixes":[],"source_application_security_group_ids":[],"source_port_range":"*","source_port_ranges":[],"timeouts":null},"sensitive_attributes":[],"private":"eyJlMmJmYjczMC1lY2FhLTExZTYtOGY4OC0zNDM2M2JjN2M0YzAiOnsiY3JlYXRlIjoxODAwMDAwMDAwMDAwLCJkZWxldGUiOjE4MDAwMDAwMDAwMDAsInJlYWQiOjMwMDAwMDAwMDAwMCwidXBkYXRlIjoxODAwMDAwMDAwMDAwfX0=","dependencies":["azurerm_network_security_group.vm","azurerm_resource_group.vm_rg"]}]},{"mode":"managed","type":"azurerm_network_security_rule","name":"ssh_outbound","provider":"provider[\"registry.opentofu.org/hashicorp/azurerm\"]","instances":[{"schema_version":0,"attributes":{"access":"Allow","description":"","destination_address_prefix":"*","destination_address_prefixes":[],"destination_application_security_group_ids":[],"destination_port_range":"22","destination_port_ranges":[],"direction":"Outbound","id":"/subscriptions/1ced546c-3a27-4e85-8878-f48cd8e23130/resourceGroups/vm-rg/providers/Microsoft.Network/networkSecurityGroups/vm/securityRules/sshout","name":"sshout","network_security_group_name":"vm","priority":100,"protocol":"Tcp","resource_group_name":"vm-rg","source_address_prefix":"*","source_address_prefixes":[],"source_application_security_group_ids":[],"source_port_range":"*","source_port_ranges":[],"timeouts":null},"sensitive_attributes":[],"private":"eyJlMmJmYjczMC1lY2FhLTExZTYtOGY4OC0zNDM2M2JjN2M0YzAiOnsiY3JlYXRlIjoxODAwMDAwMDAwMDAwLCJkZWxldGUiOjE4MDAwMDAwMDAwMDAsInJlYWQiOjMwMDAwMDAwMDAwMCwidXBkYXRlIjoxODAwMDAwMDAwMDAwfX0=","dependencies":["azurerm_network_security_group.vm","azurerm_resource_group.vm_rg"]}]},{"mode":"managed","type":"azurerm_public_ip","name":"pip","provider":"provider[\"registry.opentofu.org/hashicorp/azurerm\"]","instances":[{"schema_version":0,"attributes":{"allocation_method":"Static","ddos_protection_mode":"VirtualNetworkInherited","ddos_protection_plan_id":null,"domain_name_label":"otanix-vm","edge_zone":"","fqdn":"otanix-vm.northeurope.cloudapp.azure.com","id":"/subscriptions/1ced546c-3a27-4e85-8878-f48cd8e23130/resourceGroups/vm-rg/providers/Microsoft.Network/publicIPAddresses/vm-pip","idle_timeout_in_minutes":4,"ip_address":"52.169.6.94","ip_tags":{},"ip_version":"IPv4","location":"northeurope","name":"vm-pip","public_ip_prefix_id":null,"resource_group_name":"vm-rg","reverse_fqdn":"","sku":"Standard","sku_tier":"Regional","tags":{},"timeouts":null,"zones":[]},"sensitive_attributes":[],"private":"eyJlMmJmYjczMC1lY2FhLTExZTYtOGY4OC0zNDM2M2JjN2M0YzAiOnsiY3JlYXRlIjoxODAwMDAwMDAwMDAwLCJkZWxldGUiOjE4MDAwMDAwMDAwMDAsInJlYWQiOjMwMDAwMDAwMDAwMCwidXBkYXRlIjoxODAwMDAwMDAwMDAwfX0=","dependencies":["azurerm_resource_group.vm_rg"],"create_before_destroy":true}]},{"mode":"managed","type":"azurerm_resource_group","name":"dns_rg","provider":"provider[\"registry.opentofu.org/hashicorp/azurerm\"]","instances":[{"schema_version":0,"attributes":{"id":"/subscriptions/1ced546c-3a27-4e85-8878-f48cd8e23130/resourceGroups/dns-rg","location":"northeurope","managed_by":"","name":"dns-rg","tags":{},"timeouts":null},"sensitive_attributes":[],"private":"eyJlMmJmYjczMC1lY2FhLTExZTYtOGY4OC0zNDM2M2JjN2M0YzAiOnsiY3JlYXRlIjo1NDAwMDAwMDAwMDAwLCJkZWxldGUiOjU0MDAwMDAwMDAwMDAsInJlYWQiOjMwMDAwMDAwMDAwMCwidXBkYXRlIjo1NDAwMDAwMDAwMDAwfX0="}]},{"mode":"managed","type":"azurerm_resource_group","name":"vm_rg","provider":"provider[\"registry.opentofu.org/hashicorp/azurerm\"]","instances":[{"schema_version":0,"attributes":{"id":"/subscriptions/1ced546c-3a27-4e85-8878-f48cd8e23130/resourceGroups/vm-rg","location":"northeurope","managed_by":"","name":"vm-rg","tags":{},"timeouts":null},"sensitive_attributes":[],"private":"eyJlMmJmYjczMC1lY2FhLTExZTYtOGY4OC0zNDM2M2JjN2M0YzAiOnsiY3JlYXRlIjo1NDAwMDAwMDAwMDAwLCJkZWxldGUiOjU0MDAwMDAwMDAwMDAsInJlYWQiOjMwMDAwMDAwMDAwMCwidXBkYXRlIjo1NDAwMDAwMDAwMDAwfX0=","create_before_destroy":true}]},{"mode":"managed","type":"azurerm_subnet","name":"vm","provider":"provider[\"registry.opentofu.org/hashicorp/azurerm\"]","instances":[{"schema_version":0,"attributes":{"address_prefixes":["10.0.2.0/24"],"default_outbound_access_enabled":true,"delegation":[],"id":"/subscriptions/1ced546c-3a27-4e85-8878-f48cd8e23130/resourceGroups/vm-rg/providers/Microsoft.Network/virtualNetworks/vm-network/subnets/vm","name":"vm","private_endpoint_network_policies":"Disabled","private_link_service_network_policies_enabled":true,"resource_group_name":"vm-rg","service_endpoint_policy_ids":[],"service_endpoints":[],"timeouts":null,"virtual_network_name":"vm-network"},"sensitive_attributes":[],"private":"eyJlMmJmYjczMC1lY2FhLTExZTYtOGY4OC0zNDM2M2JjN2M0YzAiOnsiY3JlYXRlIjoxODAwMDAwMDAwMDAwLCJkZWxldGUiOjE4MDAwMDAwMDAwMDAsInJlYWQiOjMwMDAwMDAwMDAwMCwidXBkYXRlIjoxODAwMDAwMDAwMDAwfX0=","dependencies":["azurerm_resource_group.vm_rg","azurerm_virtual_network.vm"],"create_before_destroy":true}]},{"mode":"managed","type":"azurerm_virtual_network","name":"vm","provider":"provider[\"registry.opentofu.org/hashicorp/azurerm\"]","instances":[{"schema_version":0,"attributes":{"address_space":["10.0.0.0/16"],"bgp_community":"","ddos_protection_plan":[],"dns_servers":[],"edge_zone":"","encryption":[],"flow_timeout_in_minutes":0,"guid":"f9c053e7-6384-4abc-8048-48a59494afd9","id":"/subscriptions/1ced546c-3a27-4e85-8878-f48cd8e23130/resourceGroups/vm-rg/providers/Microsoft.Network/virtualNetworks/vm-network","location":"northeurope","name":"vm-network","resource_group_name":"vm-rg","subnet":[{"address_prefixes":["10.0.2.0/24"],"default_outbound_access_enabled":true,"delegation":[],"id":"/subscriptions/1ced546c-3a27-4e85-8878-f48cd8e23130/resourceGroups/vm-rg/providers/Microsoft.Network/virtualNetworks/vm-network/subnets/vm","name":"vm","private_endpoint_network_policies":"Disabled","private_link_service_network_policies_enabled":true,"route_table_id":"","security_group":"","service_endpoint_policy_ids":[],"service_endpoints":[]}],"tags":{},"timeouts":null},"sensitive_attributes":[],"private":"eyJlMmJmYjczMC1lY2FhLTExZTYtOGY4OC0zNDM2M2JjN2M0YzAiOnsiY3JlYXRlIjoxODAwMDAwMDAwMDAwLCJkZWxldGUiOjE4MDAwMDAwMDAwMDAsInJlYWQiOjMwMDAwMDAwMDAwMCwidXBkYXRlIjoxODAwMDAwMDAwMDAwfX0=","dependencies":["azurerm_resource_group.vm_rg"],"create_before_destroy":true}]}],"check_results":null}
