{"version":4,"terraform_version":"1.9.1","serial":80,"lineage":"06f946dd-9d65-df6f-ca20-1872b79a6d05","outputs":{"public_ip":{"value":"20.166.54.101","type":"string"}},"resources":[{"mode":"managed","type":"azurerm_dns_a_record","name":"nextcloud","provider":"provider[\"registry.opentofu.org/hashicorp/azurerm\"]","instances":[{"schema_version":1,"attributes":{"fqdn":"nextcloud.otanix.fi.","id":"/subscriptions/1ced546c-3a27-4e85-8878-f48cd8e23130/resourceGroups/dns-rg/providers/Microsoft.Network/dnsZones/otanix.fi/A/nextcloud","name":"nextcloud","records":["20.166.54.101"],"resource_group_name":"dns-rg","tags":{},"target_resource_id":"","timeouts":null,"ttl":300,"zone_name":"otanix.fi"},"sensitive_attributes":[],"private":"eyJlMmJmYjczMC1lY2FhLTExZTYtOGY4OC0zNDM2M2JjN2M0YzAiOnsiY3JlYXRlIjoxODAwMDAwMDAwMDAwLCJkZWxldGUiOjE4MDAwMDAwMDAwMDAsInJlYWQiOjMwMDAwMDAwMDAwMCwidXBkYXRlIjoxODAwMDAwMDAwMDAwfSwic2NoZW1hX3ZlcnNpb24iOiIxIn0=","dependencies":["azurerm_dns_zone.dns_zone","azurerm_public_ip.nixos_pip","azurerm_resource_group.dns_rg","azurerm_resource_group.nixos_rg"]}]},{"mode":"managed","type":"azurerm_dns_a_record","name":"vm","provider":"provider[\"registry.opentofu.org/hashicorp/azurerm\"]","instances":[{"schema_version":1,"attributes":{"fqdn":"vm.otanix.fi.","id":"/subscriptions/1ced546c-3a27-4e85-8878-f48cd8e23130/resourceGroups/dns-rg/providers/Microsoft.Network/dnsZones/otanix.fi/A/vm","name":"vm","records":["20.166.54.101"],"resource_group_name":"dns-rg","tags":{},"target_resource_id":"","timeouts":null,"ttl":300,"zone_name":"otanix.fi"},"sensitive_attributes":[],"private":"eyJlMmJmYjczMC1lY2FhLTExZTYtOGY4OC0zNDM2M2JjN2M0YzAiOnsiY3JlYXRlIjoxODAwMDAwMDAwMDAwLCJkZWxldGUiOjE4MDAwMDAwMDAwMDAsInJlYWQiOjMwMDAwMDAwMDAwMCwidXBkYXRlIjoxODAwMDAwMDAwMDAwfSwic2NoZW1hX3ZlcnNpb24iOiIxIn0=","dependencies":["azurerm_dns_zone.dns_zone","azurerm_public_ip.nixos_pip","azurerm_resource_group.dns_rg","azurerm_resource_group.nixos_rg"]}]},{"mode":"managed","type":"azurerm_dns_a_record","name":"website","provider":"provider[\"registry.opentofu.org/hashicorp/azurerm\"]","instances":[{"schema_version":1,"attributes":{"fqdn":"otanix.fi.","id":"/subscriptions/1ced546c-3a27-4e85-8878-f48cd8e23130/resourceGroups/dns-rg/providers/Microsoft.Network/dnsZones/otanix.fi/A/@","name":"@","records":["185.199.108.153","185.199.109.153","185.199.110.153","185.199.111.153"],"resource_group_name":"dns-rg","tags":{},"target_resource_id":"","timeouts":null,"ttl":300,"zone_name":"otanix.fi"},"sensitive_attributes":[],"private":"eyJlMmJmYjczMC1lY2FhLTExZTYtOGY4OC0zNDM2M2JjN2M0YzAiOnsiY3JlYXRlIjoxODAwMDAwMDAwMDAwLCJkZWxldGUiOjE4MDAwMDAwMDAwMDAsInJlYWQiOjMwMDAwMDAwMDAwMCwidXBkYXRlIjoxODAwMDAwMDAwMDAwfSwic2NoZW1hX3ZlcnNpb24iOiIxIn0=","dependencies":["azurerm_dns_zone.dns_zone","azurerm_resource_group.dns_rg"]}]},{"mode":"managed","type":"azurerm_dns_aaaa_record","name":"website","provider":"provider[\"registry.opentofu.org/hashicorp/azurerm\"]","instances":[{"schema_version":1,"attributes":{"fqdn":"otanix.fi.","id":"/subscriptions/1ced546c-3a27-4e85-8878-f48cd8e23130/resourceGroups/dns-rg/providers/Microsoft.Network/dnsZones/otanix.fi/AAAA/@","name":"@","records":["2606:50c0:8000::153","2606:50c0:8001::153","2606:50c0:8002::153","2606:50c0:8003::153"],"resource_group_name":"dns-rg","tags":{},"target_resource_id":"","timeouts":null,"ttl":300,"zone_name":"otanix.fi"},"sensitive_attributes":[],"private":"eyJlMmJmYjczMC1lY2FhLTExZTYtOGY4OC0zNDM2M2JjN2M0YzAiOnsiY3JlYXRlIjoxODAwMDAwMDAwMDAwLCJkZWxldGUiOjE4MDAwMDAwMDAwMDAsInJlYWQiOjMwMDAwMDAwMDAwMCwidXBkYXRlIjoxODAwMDAwMDAwMDAwfSwic2NoZW1hX3ZlcnNpb24iOiIxIn0=","dependencies":["azurerm_dns_zone.dns_zone","azurerm_resource_group.dns_rg"]}]},{"mode":"managed","type":"azurerm_dns_cname_record","name":"www_cname","provider":"provider[\"registry.opentofu.org/hashicorp/azurerm\"]","instances":[{"schema_version":1,"attributes":{"fqdn":"www.otanix.fi.","id":"/subscriptions/1ced546c-3a27-4e85-8878-f48cd8e23130/resourceGroups/dns-rg/providers/Microsoft.Network/dnsZones/otanix.fi/CNAME/www","name":"www","record":"otanix.fi","resource_group_name":"dns-rg","tags":{},"target_resource_id":"","timeouts":null,"ttl":300,"zone_name":"otanix.fi"},"sensitive_attributes":[],"private":"eyJlMmJmYjczMC1lY2FhLTExZTYtOGY4OC0zNDM2M2JjN2M0YzAiOnsiY3JlYXRlIjoxODAwMDAwMDAwMDAwLCJkZWxldGUiOjE4MDAwMDAwMDAwMDAsInJlYWQiOjMwMDAwMDAwMDAwMCwidXBkYXRlIjoxODAwMDAwMDAwMDAwfSwic2NoZW1hX3ZlcnNpb24iOiIxIn0=","dependencies":["azurerm_dns_zone.dns_zone","azurerm_resource_group.dns_rg"]}]},{"mode":"managed","type":"azurerm_dns_mx_record","name":"mail","provider":"provider[\"registry.opentofu.org/hashicorp/azurerm\"]","instances":[{"schema_version":1,"attributes":{"fqdn":"otanix.fi.","id":"/subscriptions/1ced546c-3a27-4e85-8878-f48cd8e23130/resourceGroups/dns-rg/providers/Microsoft.Network/dnsZones/otanix.fi/MX/@","name":"@","record":[{"exchange":"smtp.google.com.","preference":"1"}],"resource_group_name":"dns-rg","tags":{},"timeouts":null,"ttl":3600,"zone_name":"otanix.fi"},"sensitive_attributes":[],"private":"eyJlMmJmYjczMC1lY2FhLTExZTYtOGY4OC0zNDM2M2JjN2M0YzAiOnsiY3JlYXRlIjoxODAwMDAwMDAwMDAwLCJkZWxldGUiOjE4MDAwMDAwMDAwMDAsInJlYWQiOjMwMDAwMDAwMDAwMCwidXBkYXRlIjoxODAwMDAwMDAwMDAwfSwic2NoZW1hX3ZlcnNpb24iOiIxIn0=","dependencies":["azurerm_dns_zone.dns_zone","azurerm_resource_group.dns_rg"]}]},{"mode":"managed","type":"azurerm_dns_txt_record","name":"github_challenge","provider":"provider[\"registry.opentofu.org/hashicorp/azurerm\"]","instances":[{"schema_version":1,"attributes":{"fqdn":"_github-pages-challenge-otanix-ry.otanix.fi.","id":"/subscriptions/1ced546c-3a27-4e85-8878-f48cd8e23130/resourceGroups/dns-rg/providers/Microsoft.Network/dnsZones/otanix.fi/TXT/_github-pages-challenge-otanix-ry","name":"_github-pages-challenge-otanix-ry","record":[{"value":"3b6eb1c302b720d942fb26752c5a61"}],"resource_group_name":"dns-rg","tags":{},"timeouts":null,"ttl":300,"zone_name":"otanix.fi"},"sensitive_attributes":[],"private":"eyJlMmJmYjczMC1lY2FhLTExZTYtOGY4OC0zNDM2M2JjN2M0YzAiOnsiY3JlYXRlIjoxODAwMDAwMDAwMDAwLCJkZWxldGUiOjE4MDAwMDAwMDAwMDAsInJlYWQiOjMwMDAwMDAwMDAwMCwidXBkYXRlIjoxODAwMDAwMDAwMDAwfSwic2NoZW1hX3ZlcnNpb24iOiIxIn0=","dependencies":["azurerm_dns_zone.dns_zone","azurerm_resource_group.dns_rg"]}]},{"mode":"managed","type":"azurerm_dns_txt_record","name":"github_organization_challenge","provider":"provider[\"registry.opentofu.org/hashicorp/azurerm\"]","instances":[{"schema_version":1,"attributes":{"fqdn":"_gh-otanix-ry-o.otanix.fi.","id":"/subscriptions/1ced546c-3a27-4e85-8878-f48cd8e23130/resourceGroups/dns-rg/providers/Microsoft.Network/dnsZones/otanix.fi/TXT/_gh-OtaNix-ry-o","name":"_gh-OtaNix-ry-o","record":[{"value":"cd376abbac"}],"resource_group_name":"dns-rg","tags":{},"timeouts":null,"ttl":300,"zone_name":"otanix.fi"},"sensitive_attributes":[],"private":"eyJlMmJmYjczMC1lY2FhLTExZTYtOGY4OC0zNDM2M2JjN2M0YzAiOnsiY3JlYXRlIjoxODAwMDAwMDAwMDAwLCJkZWxldGUiOjE4MDAwMDAwMDAwMDAsInJlYWQiOjMwMDAwMDAwMDAwMCwidXBkYXRlIjoxODAwMDAwMDAwMDAwfSwic2NoZW1hX3ZlcnNpb24iOiIxIn0=","dependencies":["azurerm_dns_zone.dns_zone","azurerm_resource_group.dns_rg"]}]},{"mode":"managed","type":"azurerm_dns_zone","name":"dns_zone","provider":"provider[\"registry.opentofu.org/hashicorp/azurerm\"]","instances":[{"schema_version":2,"attributes":{"id":"/subscriptions/1ced546c-3a27-4e85-8878-f48cd8e23130/resourceGroups/dns-rg/providers/Microsoft.Network/dnsZones/otanix.fi","max_number_of_record_sets":10000,"name":"otanix.fi","name_servers":["ns1-08.azure-dns.com.","ns2-08.azure-dns.net.","ns3-08.azure-dns.org.","ns4-08.azure-dns.info."],"number_of_record_sets":10,"resource_group_name":"dns-rg","soa_record":[{"email":"azuredns-hostmaster.microsoft.com","expire_time":2419200,"fqdn":"otanix.fi.","host_name":"ns1-08.azure-dns.com.","minimum_ttl":300,"refresh_time":3600,"retry_time":300,"serial_number":1,"tags":{},"ttl":3600}],"tags":{},"timeouts":null},"sensitive_attributes":[],"private":"eyJlMmJmYjczMC1lY2FhLTExZTYtOGY4OC0zNDM2M2JjN2M0YzAiOnsiY3JlYXRlIjoxODAwMDAwMDAwMDAwLCJkZWxldGUiOjE4MDAwMDAwMDAwMDAsInJlYWQiOjMwMDAwMDAwMDAwMCwidXBkYXRlIjoxODAwMDAwMDAwMDAwfSwic2NoZW1hX3ZlcnNpb24iOiIyIn0=","dependencies":["azurerm_resource_group.dns_rg"]}]},{"mode":"managed","type":"azurerm_linux_virtual_machine","name":"nixos_vm","provider":"provider[\"registry.opentofu.org/hashicorp/azurerm\"]","instances":[{"schema_version":0,"attributes":{"additional_capabilities":[],"admin_password":null,"admin_ssh_key":[{"public_key":"ssh-rsa AAAAB3NzaC1yc2EAAAADAQABAAACAQCiDxF/PZcYfX6N3CQOdQdW0PTPN7tgmwL6RPFDBlJURsxiTlmlRygjMVjrnxbIN9KGIP2p3hUKxensm0ftbl3fvdBG3nUnreGZAUQ7prSrli3tv+WITPFdONtDqcrMlYXbBy51/kFLUQMV7wBYurM/4bW/BOXtNZdk8/dLyCqAr1ynZmXFFHEB3APtlxaLlsyHEER5Nj7WDlxpFUxOqzasPg8MMGKQeN+d2TbUq1s0YDVwmk4F+Zqfj0H9AAYYt4zkiKbCkzTrJXk9snBPAyUot8jkAjZW5nu7quVoiHvWY3335iaa4o2JWDkm6/QEXYzKIbi865jOr3A5DRFytNFQJ7nmXfSNWAJmblSlatlszQLwmTLP5wkV+3zbRHv7WuvWivR76Xy0uyK331UvqrRbNha+EbVoWP5DyFnichBH7B/IgHkLHQJIuYiQBZ2ZwTuVpEoxyCUyl9acDtmUZvuomTAEjLRQElnhRo8iyDf92dl19Q9dG/1RWqLXUEDVBcLrlk89aEnIk7DuwvmVWzWM+On9S8ojH04TgRJM5ZkbQLAIqW5AkLqY6CP5Gzknsh7F4fl5Mq0FZlCOtFzxR+YgIn4IGndonm8/iqDQjJNOWVysFdNRPisPSR5AO5TiuxZSOcCuRkS56cZTHKjdqZS8CxiCfs2ZPlzMnzKJSNDXxQ== cardno:30_079_357\n","username":"otanix"}],"admin_username":"otanix","allow_extension_operations":true,"availability_set_id":"","boot_diagnostics":[],"bypass_platform_safety_checks_on_user_schedule_enabled":false,"capacity_reservation_group_id":"","computer_name":"nixos-machine","custom_data":null,"dedicated_host_group_id":"","dedicated_host_id":"","disable_password_authentication":true,"disk_controller_type":"SCSI","edge_zone":"","encryption_at_host_enabled":false,"eviction_policy":"","extensions_time_budget":"PT1H30M","gallery_application":[],"id":"/subscriptions/1ced546c-3a27-4e85-8878-f48cd8e23130/resourceGroups/nixos-resources/providers/Microsoft.Compute/virtualMachines/nixos-machine","identity":[],"license_type":"","location":"northeurope","max_bid_price":-1,"name":"nixos-machine","network_interface_ids":["/subscriptions/1ced546c-3a27-4e85-8878-f48cd8e23130/resourceGroups/nixos-resources/providers/Microsoft.Network/networkInterfaces/nixos-nic"],"os_disk":[{"caching":"ReadWrite","diff_disk_settings":[],"disk_encryption_set_id":"","disk_size_gb":30,"name":"nixos-machine_OsDisk_1_47fc247b06214fd6850715548a6a0b4c","secure_vm_disk_encryption_set_id":"","security_encryption_type":"","storage_account_type":"StandardSSD_LRS","write_accelerator_enabled":false}],"os_image_notification":[],"patch_assessment_mode":"ImageDefault","patch_mode":"ImageDefault","plan":[],"platform_fault_domain":-1,"priority":"Regular","private_ip_address":"10.0.1.4","private_ip_addresses":["10.0.1.4"],"provision_vm_agent":true,"proximity_placement_group_id":"","public_ip_address":"20.166.54.101","public_ip_addresses":["20.166.54.101"],"reboot_setting":"","resource_group_name":"nixos-resources","secret":[],"secure_boot_enabled":false,"size":"Standard_B2s_v2","source_image_id":"","source_image_reference":[{"offer":"0001-com-ubuntu-server-jammy","publisher":"Canonical","sku":"22_04-lts-gen2","version":"latest"}],"tags":{},"termination_notification":[],"timeouts":null,"user_data":"","virtual_machine_id":"20a5894c-9812-489a-b2d7-e4325bc7da8c","virtual_machine_scale_set_id":"","vm_agent_platform_updates_enabled":false,"vtpm_enabled":false,"zone":""},"sensitive_attributes":[[{"type":"get_attr","value":"custom_data"}],[{"type":"get_attr","value":"admin_password"}]],"private":"eyJlMmJmYjczMC1lY2FhLTExZTYtOGY4OC0zNDM2M2JjN2M0YzAiOnsiY3JlYXRlIjoyNzAwMDAwMDAwMDAwLCJkZWxldGUiOjI3MDAwMDAwMDAwMDAsInJlYWQiOjMwMDAwMDAwMDAwMCwidXBkYXRlIjoyNzAwMDAwMDAwMDAwfX0=","dependencies":["azurerm_network_interface.nixos_nic","azurerm_public_ip.nixos_pip","azurerm_resource_group.nixos_rg","azurerm_subnet.nixos_subnet","azurerm_virtual_network.nixos_vnet"]}]},{"mode":"managed","type":"azurerm_network_interface","name":"nixos_nic","provider":"provider[\"registry.opentofu.org/hashicorp/azurerm\"]","instances":[{"schema_version":0,"attributes":{"accelerated_networking_enabled":false,"applied_dns_servers":[],"auxiliary_mode":"","auxiliary_sku":"","dns_servers":[],"edge_zone":"","id":"/subscriptions/1ced546c-3a27-4e85-8878-f48cd8e23130/resourceGroups/nixos-resources/providers/Microsoft.Network/networkInterfaces/nixos-nic","internal_dns_name_label":"","internal_domain_name_suffix":"","ip_configuration":[{"gateway_load_balancer_frontend_ip_configuration_id":"","name":"internal","primary":true,"private_ip_address":"10.0.1.4","private_ip_address_allocation":"Dynamic","private_ip_address_version":"IPv4","public_ip_address_id":"/subscriptions/1ced546c-3a27-4e85-8878-f48cd8e23130/resourceGroups/nixos-resources/providers/Microsoft.Network/publicIPAddresses/nixos-pip","subnet_id":"/subscriptions/1ced546c-3a27-4e85-8878-f48cd8e23130/resourceGroups/nixos-resources/providers/Microsoft.Network/virtualNetworks/nixos-network/subnets/internal"}],"ip_forwarding_enabled":false,"location":"northeurope","mac_address":"7C-1E-52-21-05-AB","name":"nixos-nic","private_ip_address":"10.0.1.4","private_ip_addresses":["10.0.1.4"],"resource_group_name":"nixos-resources","tags":{},"timeouts":null,"virtual_machine_id":"/subscriptions/1ced546c-3a27-4e85-8878-f48cd8e23130/resourceGroups/nixos-resources/providers/Microsoft.Compute/virtualMachines/nixos-machine"},"sensitive_attributes":[],"private":"eyJlMmJmYjczMC1lY2FhLTExZTYtOGY4OC0zNDM2M2JjN2M0YzAiOnsiY3JlYXRlIjoxODAwMDAwMDAwMDAwLCJkZWxldGUiOjE4MDAwMDAwMDAwMDAsInJlYWQiOjMwMDAwMDAwMDAwMCwidXBkYXRlIjoxODAwMDAwMDAwMDAwfX0=","dependencies":["azurerm_public_ip.nixos_pip","azurerm_resource_group.nixos_rg","azurerm_subnet.nixos_subnet","azurerm_virtual_network.nixos_vnet"]}]},{"mode":"managed","type":"azurerm_network_interface_security_group_association","name":"nixos_nic_assoc","provider":"provider[\"registry.opentofu.org/hashicorp/azurerm\"]","instances":[{"schema_version":0,"attributes":{"id":"/subscriptions/1ced546c-3a27-4e85-8878-f48cd8e23130/resourceGroups/nixos-resources/providers/Microsoft.Network/networkInterfaces/nixos-nic|/subscriptions/1ced546c-3a27-4e85-8878-f48cd8e23130/resourceGroups/nixos-resources/providers/Microsoft.Network/networkSecurityGroups/nixos-nsg","network_interface_id":"/subscriptions/1ced546c-3a27-4e85-8878-f48cd8e23130/resourceGroups/nixos-resources/providers/Microsoft.Network/networkInterfaces/nixos-nic","network_security_group_id":"/subscriptions/1ced546c-3a27-4e85-8878-f48cd8e23130/resourceGroups/nixos-resources/providers/Microsoft.Network/networkSecurityGroups/nixos-nsg","timeouts":null},"sensitive_attributes":[],"private":"eyJlMmJmYjczMC1lY2FhLTExZTYtOGY4OC0zNDM2M2JjN2M0YzAiOnsiY3JlYXRlIjoxODAwMDAwMDAwMDAwLCJkZWxldGUiOjE4MDAwMDAwMDAwMDAsInJlYWQiOjMwMDAwMDAwMDAwMH19","dependencies":["azurerm_network_interface.nixos_nic","azurerm_network_security_group.nixos_nsg","azurerm_public_ip.nixos_pip","azurerm_resource_group.nixos_rg","azurerm_subnet.nixos_subnet","azurerm_virtual_network.nixos_vnet"]}]},{"mode":"managed","type":"azurerm_network_security_group","name":"nixos_nsg","provider":"provider[\"registry.opentofu.org/hashicorp/azurerm\"]","instances":[{"schema_version":0,"attributes":{"id":"/subscriptions/1ced546c-3a27-4e85-8878-f48cd8e23130/resourceGroups/nixos-resources/providers/Microsoft.Network/networkSecurityGroups/nixos-nsg","location":"northeurope","name":"nixos-nsg","resource_group_name":"nixos-resources","security_rule":[{"access":"Allow","description":"","destination_address_prefix":"*","destination_address_prefixes":[],"destination_application_security_group_ids":[],"destination_port_range":"22","destination_port_ranges":[],"direction":"Inbound","name":"SSH","priority":1001,"protocol":"Tcp","source_address_prefix":"*","source_address_prefixes":[],"source_application_security_group_ids":[],"source_port_range":"*","source_port_ranges":[]}],"tags":{},"timeouts":null},"sensitive_attributes":[],"private":"eyJlMmJmYjczMC1lY2FhLTExZTYtOGY4OC0zNDM2M2JjN2M0YzAiOnsiY3JlYXRlIjoxODAwMDAwMDAwMDAwLCJkZWxldGUiOjE4MDAwMDAwMDAwMDAsInJlYWQiOjMwMDAwMDAwMDAwMCwidXBkYXRlIjoxODAwMDAwMDAwMDAwfX0=","dependencies":["azurerm_resource_group.nixos_rg"]}]},{"mode":"managed","type":"azurerm_public_ip","name":"nixos_pip","provider":"provider[\"registry.opentofu.org/hashicorp/azurerm\"]","instances":[{"schema_version":0,"attributes":{"allocation_method":"Static","ddos_protection_mode":"VirtualNetworkInherited","ddos_protection_plan_id":null,"domain_name_label":null,"edge_zone":"","fqdn":null,"id":"/subscriptions/1ced546c-3a27-4e85-8878-f48cd8e23130/resourceGroups/nixos-resources/providers/Microsoft.Network/publicIPAddresses/nixos-pip","idle_timeout_in_minutes":4,"ip_address":"20.166.54.101","ip_tags":{},"ip_version":"IPv4","location":"northeurope","name":"nixos-pip","public_ip_prefix_id":null,"resource_group_name":"nixos-resources","reverse_fqdn":null,"sku":"Standard","sku_tier":"Regional","tags":{},"timeouts":null,"zones":[]},"sensitive_attributes":[],"private":"eyJlMmJmYjczMC1lY2FhLTExZTYtOGY4OC0zNDM2M2JjN2M0YzAiOnsiY3JlYXRlIjoxODAwMDAwMDAwMDAwLCJkZWxldGUiOjE4MDAwMDAwMDAwMDAsInJlYWQiOjMwMDAwMDAwMDAwMCwidXBkYXRlIjoxODAwMDAwMDAwMDAwfX0=","dependencies":["azurerm_resource_group.nixos_rg"]}]},{"mode":"managed","type":"azurerm_resource_group","name":"dns_rg","provider":"provider[\"registry.opentofu.org/hashicorp/azurerm\"]","instances":[{"schema_version":0,"attributes":{"id":"/subscriptions/1ced546c-3a27-4e85-8878-f48cd8e23130/resourceGroups/dns-rg","location":"northeurope","managed_by":"","name":"dns-rg","tags":{},"timeouts":null},"sensitive_attributes":[],"private":"eyJlMmJmYjczMC1lY2FhLTExZTYtOGY4OC0zNDM2M2JjN2M0YzAiOnsiY3JlYXRlIjo1NDAwMDAwMDAwMDAwLCJkZWxldGUiOjU0MDAwMDAwMDAwMDAsInJlYWQiOjMwMDAwMDAwMDAwMCwidXBkYXRlIjo1NDAwMDAwMDAwMDAwfX0="}]},{"mode":"managed","type":"azurerm_resource_group","name":"nixos_rg","provider":"provider[\"registry.opentofu.org/hashicorp/azurerm\"]","instances":[{"schema_version":0,"attributes":{"id":"/subscriptions/1ced546c-3a27-4e85-8878-f48cd8e23130/resourceGroups/nixos-resources","location":"northeurope","managed_by":"","name":"nixos-resources","tags":{},"timeouts":null},"sensitive_attributes":[],"private":"eyJlMmJmYjczMC1lY2FhLTExZTYtOGY4OC0zNDM2M2JjN2M0YzAiOnsiY3JlYXRlIjo1NDAwMDAwMDAwMDAwLCJkZWxldGUiOjU0MDAwMDAwMDAwMDAsInJlYWQiOjMwMDAwMDAwMDAwMCwidXBkYXRlIjo1NDAwMDAwMDAwMDAwfX0="}]},{"mode":"managed","type":"azurerm_subnet","name":"nixos_subnet","provider":"provider[\"registry.opentofu.org/hashicorp/azurerm\"]","instances":[{"schema_version":0,"attributes":{"address_prefixes":["10.0.1.0/24"],"default_outbound_access_enabled":true,"delegation":[],"id":"/subscriptions/1ced546c-3a27-4e85-8878-f48cd8e23130/resourceGroups/nixos-resources/providers/Microsoft.Network/virtualNetworks/nixos-network/subnets/internal","name":"internal","private_endpoint_network_policies":"Disabled","private_link_service_network_policies_enabled":true,"resource_group_name":"nixos-resources","service_endpoint_policy_ids":[],"service_endpoints":[],"timeouts":null,"virtual_network_name":"nixos-network"},"sensitive_attributes":[],"private":"eyJlMmJmYjczMC1lY2FhLTExZTYtOGY4OC0zNDM2M2JjN2M0YzAiOnsiY3JlYXRlIjoxODAwMDAwMDAwMDAwLCJkZWxldGUiOjE4MDAwMDAwMDAwMDAsInJlYWQiOjMwMDAwMDAwMDAwMCwidXBkYXRlIjoxODAwMDAwMDAwMDAwfX0=","dependencies":["azurerm_resource_group.nixos_rg","azurerm_virtual_network.nixos_vnet"]}]},{"mode":"managed","type":"azurerm_virtual_network","name":"nixos_vnet","provider":"provider[\"registry.opentofu.org/hashicorp/azurerm\"]","instances":[{"schema_version":0,"attributes":{"address_space":["10.0.0.0/16"],"bgp_community":"","ddos_protection_plan":[],"dns_servers":[],"edge_zone":"","encryption":[],"flow_timeout_in_minutes":0,"guid":"86a57c03-03c5-4ed5-b840-5398eb9b2d92","id":"/subscriptions/1ced546c-3a27-4e85-8878-f48cd8e23130/resourceGroups/nixos-resources/providers/Microsoft.Network/virtualNetworks/nixos-network","location":"northeurope","name":"nixos-network","resource_group_name":"nixos-resources","subnet":[{"address_prefixes":["10.0.1.0/24"],"default_outbound_access_enabled":true,"delegation":[],"id":"/subscriptions/1ced546c-3a27-4e85-8878-f48cd8e23130/resourceGroups/nixos-resources/providers/Microsoft.Network/virtualNetworks/nixos-network/subnets/internal","name":"internal","private_endpoint_network_policies":"Disabled","private_link_service_network_policies_enabled":true,"route_table_id":"","security_group":"","service_endpoint_policy_ids":[],"service_endpoints":[]}],"tags":{},"timeouts":null},"sensitive_attributes":[],"private":"eyJlMmJmYjczMC1lY2FhLTExZTYtOGY4OC0zNDM2M2JjN2M0YzAiOnsiY3JlYXRlIjoxODAwMDAwMDAwMDAwLCJkZWxldGUiOjE4MDAwMDAwMDAwMDAsInJlYWQiOjMwMDAwMDAwMDAwMCwidXBkYXRlIjoxODAwMDAwMDAwMDAwfX0=","dependencies":["azurerm_resource_group.nixos_rg"]}]}],"check_results":null}
